
Microsoft Visual Studio Solution File, Format Version 12.00
# Visual Studio Version 17
VisualStudioVersion = 17.1.32228.430
MinimumVisualStudioVersion = 10.0.40219.1
Project("{FAE04EC0-301F-11D3-BF4B-00C04F79EFBC}") = "Medio.Session.Client", "Medio.Session.Client\Medio.Session.Client.csproj", "{D70B30DD-FDA5-42F8-BD0A-57E58B2E4ED8}"
	ProjectSection(ProjectDependencies) = postProject
		{78A75B55-237D-4600-AC31-5BBB2DE51219} = {78A75B55-237D-4600-AC31-5BBB2DE51219}
		{142FEDB3-B891-47C2-9189-AF7532235F04} = {142FEDB3-B891-47C2-9189-AF7532235F04}
	EndProjectSection
EndProject
Project("{FAE04EC0-301F-11D3-BF4B-00C04F79EFBC}") = "Medio.Network", "Medio.Network\Medio.Network.csproj", "{142FEDB3-B891-47C2-9189-AF7532235F04}"
EndProject
Project("{FAE04EC0-301F-11D3-BF4B-00C04F79EFBC}") = "Medio.Domain", "Medio.Domain\Medio.Domain.csproj", "{78A75B55-237D-4600-AC31-5BBB2DE51219}"
EndProject
Global
	GlobalSection(SolutionConfigurationPlatforms) = preSolution
		Debug|Any CPU = Debug|Any CPU
		Release|Any CPU = Release|Any CPU
	EndGlobalSection
	GlobalSection(ProjectConfigurationPlatforms) = postSolution
		{D70B30DD-FDA5-42F8-BD0A-57E58B2E4ED8}.Debug|Any CPU.ActiveCfg = Debug|Any CPU
		{D70B30DD-FDA5-42F8-BD0A-57E58B2E4ED8}.Debug|Any CPU.Build.0 = Debug|Any CPU
		{D70B30DD-FDA5-42F8-BD0A-57E58B2E4ED8}.Release|Any CPU.ActiveCfg = Release|Any CPU
		{D70B30DD-FDA5-42F8-BD0A-57E58B2E4ED8}.Release|Any CPU.Build.0 = Release|Any CPU
		{142FEDB3-B891-47C2-9189-AF7532235F04}.Debug|Any CPU.ActiveCfg = Debug|Any CPU
		{142FEDB3-B891-47C2-9189-AF7532235F04}.Debug|Any CPU.Build.0 = Debug|Any CPU
		{142FEDB3-B891-47C2-9189-AF7532235F04}.Release|Any CPU.ActiveCfg = Release|Any CPU
		{142FEDB3-B891-47C2-9189-AF7532235F04}.Release|Any CPU.Build.0 = Release|Any CPU
		{78A75B55-237D-4600-AC31-5BBB2DE51219}.Debug|Any CPU.ActiveCfg = Debug|Any CPU
		{78A75B55-237D-4600-AC31-5BBB2DE51219}.Debug|Any CPU.Build.0 = Debug|Any CPU
		{78A75B55-237D-4600-AC31-5BBB2DE51219}.Release|Any CPU.ActiveCfg = Release|Any CPU
		{78A75B55-237D-4600-AC31-5BBB2DE51219}.Release|Any CPU.Build.0 = Release|Any CPU
	EndGlobalSection
	GlobalSection(SolutionProperties) = preSolution
		HideSolutionNode = FALSE
	EndGlobalSection
	GlobalSection(ExtensibilityGlobals) = postSolution
		SolutionGuid = {42675D7E-3170-484E-8223-3F5395BF3039}
	EndGlobalSection
EndGlobal
